
Microsoft Visual Studio Solution File, Format Version 12.00
# Visual Studio Version 17
VisualStudioVersion = 17.0.31903.59
MinimumVisualStudioVersion = 10.0.40219.1
Project("{2150E333-8FDC-42A3-9474-1A3956D46DE8}") = "src", "src", "{2E1F9B44-8DCD-4B65-A078-E9CD94DF9323}"
EndProject
Project("{2150E333-8FDC-42A3-9474-1A3956D46DE8}") = "tests", "tests", "{AFCDF6E7-6175-41A7-A86D-A05614F21A7D}"
EndProject
Project("{9A19103F-16F7-4668-BE54-9A1E7A4F7556}") = "WebUI.Server", "WebUI\Server\WebUI.Server.csproj", "{254E4F68-2AED-4338-93BF-90909CA66119}"
EndProject
Project("{9A19103F-16F7-4668-BE54-9A1E7A4F7556}") = "WebUI.Client", "WebUI\Client\WebUI.Client.csproj", "{77155041-0F5D-4CA7-9728-B90AFFD5869D}"
EndProject
Project("{9A19103F-16F7-4668-BE54-9A1E7A4F7556}") = "WebUI.Shared", "WebUI\Shared\WebUI.Shared.csproj", "{94F0BFA3-2FF1-41F7-A8DD-31D0DF095501}"
EndProject
Project("{9A19103F-16F7-4668-BE54-9A1E7A4F7556}") = "Domain", "Domain\Domain.csproj", "{11ED2D17-7454-4A17-A5F1-637BBA6B3D01}"
EndProject
Project("{9A19103F-16F7-4668-BE54-9A1E7A4F7556}") = "Application", "Application\Application.csproj", "{07F9F1EC-D82F-4D8C-86F5-EBA6BE9158B6}"
EndProject
Project("{9A19103F-16F7-4668-BE54-9A1E7A4F7556}") = "Infrastructure", "Infrastructure\Infrastructure.csproj", "{A7923089-B350-40A5-9C8A-8AEEE0FE0FB4}"
EndProject
Project("{9A19103F-16F7-4668-BE54-9A1E7A4F7556}") = "WebUI.Client.Test", "WebUI.Client.Test\WebUI.Client.Test.csproj", "{5A1C60EF-4EF2-4196-8B1E-BDF2928C8897}"
EndProject
Project("{9A19103F-16F7-4668-BE54-9A1E7A4F7556}") = "WebUI.IntegrationTests", "WebUI.IntegrationTests\WebUI.IntegrationTests.csproj", "{010B919A-954E-446B-80BB-A170DD84437A}"
EndProject
Global
	GlobalSection(SolutionConfigurationPlatforms) = preSolution
		Debug|Any CPU = Debug|Any CPU
		Release|Any CPU = Release|Any CPU
	EndGlobalSection
	GlobalSection(ProjectConfigurationPlatforms) = postSolution
		{254E4F68-2AED-4338-93BF-90909CA66119}.Debug|Any CPU.ActiveCfg = Debug|Any CPU
		{254E4F68-2AED-4338-93BF-90909CA66119}.Debug|Any CPU.Build.0 = Debug|Any CPU
		{254E4F68-2AED-4338-93BF-90909CA66119}.Release|Any CPU.ActiveCfg = Release|Any CPU
		{254E4F68-2AED-4338-93BF-90909CA66119}.Release|Any CPU.Build.0 = Release|Any CPU
		{77155041-0F5D-4CA7-9728-B90AFFD5869D}.Debug|Any CPU.ActiveCfg = Debug|Any CPU
		{77155041-0F5D-4CA7-9728-B90AFFD5869D}.Debug|Any CPU.Build.0 = Debug|Any CPU
		{77155041-0F5D-4CA7-9728-B90AFFD5869D}.Release|Any CPU.ActiveCfg = Release|Any CPU
		{77155041-0F5D-4CA7-9728-B90AFFD5869D}.Release|Any CPU.Build.0 = Release|Any CPU
		{94F0BFA3-2FF1-41F7-A8DD-31D0DF095501}.Debug|Any CPU.ActiveCfg = Debug|Any CPU
		{94F0BFA3-2FF1-41F7-A8DD-31D0DF095501}.Debug|Any CPU.Build.0 = Debug|Any CPU
		{94F0BFA3-2FF1-41F7-A8DD-31D0DF095501}.Release|Any CPU.ActiveCfg = Release|Any CPU
		{94F0BFA3-2FF1-41F7-A8DD-31D0DF095501}.Release|Any CPU.Build.0 = Release|Any CPU
		{11ED2D17-7454-4A17-A5F1-637BBA6B3D01}.Debug|Any CPU.ActiveCfg = Debug|Any CPU
		{11ED2D17-7454-4A17-A5F1-637BBA6B3D01}.Debug|Any CPU.Build.0 = Debug|Any CPU
		{11ED2D17-7454-4A17-A5F1-637BBA6B3D01}.Release|Any CPU.ActiveCfg = Release|Any CPU
		{11ED2D17-7454-4A17-A5F1-637BBA6B3D01}.Release|Any CPU.Build.0 = Release|Any CPU
		{07F9F1EC-D82F-4D8C-86F5-EBA6BE9158B6}.Debug|Any CPU.ActiveCfg = Debug|Any CPU
		{07F9F1EC-D82F-4D8C-86F5-EBA6BE9158B6}.Debug|Any CPU.Build.0 = Debug|Any CPU
		{07F9F1EC-D82F-4D8C-86F5-EBA6BE9158B6}.Release|Any CPU.ActiveCfg = Release|Any CPU
		{07F9F1EC-D82F-4D8C-86F5-EBA6BE9158B6}.Release|Any CPU.Build.0 = Release|Any CPU
		{A7923089-B350-40A5-9C8A-8AEEE0FE0FB4}.Debug|Any CPU.ActiveCfg = Debug|Any CPU
		{A7923089-B350-40A5-9C8A-8AEEE0FE0FB4}.Debug|Any CPU.Build.0 = Debug|Any CPU
		{A7923089-B350-40A5-9C8A-8AEEE0FE0FB4}.Release|Any CPU.ActiveCfg = Release|Any CPU
		{A7923089-B350-40A5-9C8A-8AEEE0FE0FB4}.Release|Any CPU.Build.0 = Release|Any CPU
		{5A1C60EF-4EF2-4196-8B1E-BDF2928C8897}.Debug|Any CPU.ActiveCfg = Debug|Any CPU
		{5A1C60EF-4EF2-4196-8B1E-BDF2928C8897}.Debug|Any CPU.Build.0 = Debug|Any CPU
		{5A1C60EF-4EF2-4196-8B1E-BDF2928C8897}.Release|Any CPU.ActiveCfg = Release|Any CPU
		{5A1C60EF-4EF2-4196-8B1E-BDF2928C8897}.Release|Any CPU.Build.0 = Release|Any CPU
		{010B919A-954E-446B-80BB-A170DD84437A}.Debug|Any CPU.ActiveCfg = Debug|Any CPU
		{010B919A-954E-446B-80BB-A170DD84437A}.Debug|Any CPU.Build.0 = Debug|Any CPU
		{010B919A-954E-446B-80BB-A170DD84437A}.Release|Any CPU.ActiveCfg = Release|Any CPU
		{010B919A-954E-446B-80BB-A170DD84437A}.Release|Any CPU.Build.0 = Release|Any CPU
	EndGlobalSection
	GlobalSection(SolutionProperties) = preSolution
		HideSolutionNode = FALSE
	EndGlobalSection
	GlobalSection(NestedProjects) = preSolution
		{254E4F68-2AED-4338-93BF-90909CA66119} = {2E1F9B44-8DCD-4B65-A078-E9CD94DF9323}
		{77155041-0F5D-4CA7-9728-B90AFFD5869D} = {2E1F9B44-8DCD-4B65-A078-E9CD94DF9323}
		{94F0BFA3-2FF1-41F7-A8DD-31D0DF095501} = {2E1F9B44-8DCD-4B65-A078-E9CD94DF9323}
		{11ED2D17-7454-4A17-A5F1-637BBA6B3D01} = {2E1F9B44-8DCD-4B65-A078-E9CD94DF9323}
		{07F9F1EC-D82F-4D8C-86F5-EBA6BE9158B6} = {2E1F9B44-8DCD-4B65-A078-E9CD94DF9323}
		{A7923089-B350-40A5-9C8A-8AEEE0FE0FB4} = {2E1F9B44-8DCD-4B65-A078-E9CD94DF9323}
		{5A1C60EF-4EF2-4196-8B1E-BDF2928C8897} = {AFCDF6E7-6175-41A7-A86D-A05614F21A7D}
		{010B919A-954E-446B-80BB-A170DD84437A} = {AFCDF6E7-6175-41A7-A86D-A05614F21A7D}
	EndGlobalSection
	GlobalSection(ExtensibilityGlobals) = postSolution
		SolutionGuid = {BE52E884-3F5A-4736-9990-E8DFB461106E}
	EndGlobalSection
EndGlobal
